
Microsoft Visual Studio Solution File, Format Version 12.00
# Visual Studio Version 17
VisualStudioVersion = 17.8.34511.84
MinimumVisualStudioVersion = 10.0.40219.1
Project("{9A19103F-16F7-4668-BE54-9A1E7A4F7556}") = "UmbracoCMS", "UmbracoCMS\UmbracoCMS.csproj", "{CA214EDF-1FF6-453E-A1FC-FE990F47F923}"
EndProject
Global
	GlobalSection(SolutionConfigurationPlatforms) = preSolution
		Debug|Any CPU = Debug|Any CPU
		Release|Any CPU = Release|Any CPU
	EndGlobalSection
	GlobalSection(ProjectConfigurationPlatforms) = postSolution
		{CA214EDF-1FF6-453E-A1FC-FE990F47F923}.Debug|Any CPU.ActiveCfg = Debug|Any CPU
		{CA214EDF-1FF6-453E-A1FC-FE990F47F923}.Debug|Any CPU.Build.0 = Debug|Any CPU
		{CA214EDF-1FF6-453E-A1FC-FE990F47F923}.Release|Any CPU.ActiveCfg = Release|Any CPU
		{CA214EDF-1FF6-453E-A1FC-FE990F47F923}.Release|Any CPU.Build.0 = Release|Any CPU
	EndGlobalSection
	GlobalSection(SolutionProperties) = preSolution
		HideSolutionNode = FALSE
	EndGlobalSection
	GlobalSection(ExtensibilityGlobals) = postSolution
		SolutionGuid = {C539A314-B896-4EBF-989C-65F9E8B65925}
	EndGlobalSection
EndGlobal
